
Microsoft Visual Studio Solution File, Format Version 12.00
# Visual Studio 15
VisualStudioVersion = 15.0.28010.2041
MinimumVisualStudioVersion = 10.0.40219.1
Project("{888888A0-9F3D-457C-B088-3A5042F75D52}") = "MaleFemaleClassifier", "MaleFemaleClassifier\MaleFemaleClassifier.pyproj", "{FC5F7934-255D-4EB3-B14B-57ED2691FE27}"
EndProject
Global
	GlobalSection(SolutionConfigurationPlatforms) = preSolution
		Debug|Any CPU = Debug|Any CPU
		Release|Any CPU = Release|Any CPU
	EndGlobalSection
	GlobalSection(ProjectConfigurationPlatforms) = postSolution
		{FC5F7934-255D-4EB3-B14B-57ED2691FE27}.Debug|Any CPU.ActiveCfg = Debug|Any CPU
		{FC5F7934-255D-4EB3-B14B-57ED2691FE27}.Release|Any CPU.ActiveCfg = Release|Any CPU
	EndGlobalSection
	GlobalSection(SolutionProperties) = preSolution
		HideSolutionNode = FALSE
	EndGlobalSection
	GlobalSection(ExtensibilityGlobals) = postSolution
		SolutionGuid = {A423B916-8FA1-451A-8457-8F3410D63E51}
	EndGlobalSection
EndGlobal
